
Microsoft Visual Studio Solution File, Format Version 12.00
# Visual Studio Version 17
VisualStudioVersion = 17.8.34330.188
MinimumVisualStudioVersion = 10.0.40219.1
Project("{FAE04EC0-301F-11D3-BF4B-00C04F79EFBC}") = "Pharmacy-3", "Pharmacy-3\Pharmacy-3.csproj", "{7479FD2C-CB39-4A91-B44D-E2AB2089B133}"
EndProject
Global
	GlobalSection(SolutionConfigurationPlatforms) = preSolution
		Debug|Any CPU = Debug|Any CPU
		Release|Any CPU = Release|Any CPU
	EndGlobalSection
	GlobalSection(ProjectConfigurationPlatforms) = postSolution
		{7479FD2C-CB39-4A91-B44D-E2AB2089B133}.Debug|Any CPU.ActiveCfg = Debug|Any CPU
		{7479FD2C-CB39-4A91-B44D-E2AB2089B133}.Debug|Any CPU.Build.0 = Debug|Any CPU
		{7479FD2C-CB39-4A91-B44D-E2AB2089B133}.Release|Any CPU.ActiveCfg = Release|Any CPU
		{7479FD2C-CB39-4A91-B44D-E2AB2089B133}.Release|Any CPU.Build.0 = Release|Any CPU
	EndGlobalSection
	GlobalSection(SolutionProperties) = preSolution
		HideSolutionNode = FALSE
	EndGlobalSection
	GlobalSection(ExtensibilityGlobals) = postSolution
		SolutionGuid = {3520188C-07E0-4D36-A4A3-6F6B9A85F02D}
	EndGlobalSection
EndGlobal
